Microsoft Visual Studio Solution File, Format Version 12.00
# Visual Studio Version 16
VisualStudioVersion = 16.0.29020.237
MinimumVisualStudioVersion = 10.0.40219.1
Project("{FAE04EC0-301F-11D3-BF4B-00C04F79EFBC}") = "PPD", "PPD\PPD\PPD.csproj", "{6A90947D-34C9-4329-A27C-20B60FEFD682}"
	ProjectSection(ProjectDependencies) = postProject
		{FB4E8B02-D832-470D-968E-3AA046E4C164} = {FB4E8B02-D832-470D-968E-3AA046E4C164}
		{21169B27-D6EE-47AF-88F3-171FDA7E7F0C} = {21169B27-D6EE-47AF-88F3-171FDA7E7F0C}
		{8E6F013A-FBBD-4F3E-94F2-0EFA2CE09872} = {8E6F013A-FBBD-4F3E-94F2-0EFA2CE09872}
	EndProjectSection
EndProject
Project("{FAE04EC0-301F-11D3-BF4B-00C04F79EFBC}") = "BezierDrawControl", "BezierDrawControl\BezierDrawControl\BezierDrawControl.csproj", "{9DCF287B-B89D-41C7-9E91-A1122798261C}"
	ProjectSection(ProjectDependencies) = postProject
		{8E6F013A-FBBD-4F3E-94F2-0EFA2CE09872} = {8E6F013A-FBBD-4F3E-94F2-0EFA2CE09872}
	EndProjectSection
EndProject
Project("{FAE04EC0-301F-11D3-BF4B-00C04F79EFBC}") = "BMSTOPPD", "BMSTOPPD\BMSTOPPD\BMSTOPPD.csproj", "{79E68E73-958D-422B-9D5C-DCAE7239E892}"
EndProject
Project("{FAE04EC0-301F-11D3-BF4B-00C04F79EFBC}") = "KeyConfiger", "KeyConfiger\KeyConfiger\KeyConfiger.csproj", "{A8B5B332-6116-49A1-8ECF-6186F3D03BC4}"
EndProject
Project("{FAE04EC0-301F-11D3-BF4B-00C04F79EFBC}") = "PPDEditor", "PPDeditor\PPDeditor\PPDEditor.csproj", "{34F57840-D69D-48A0-BCDE-3529FDBEA810}"
	ProjectSection(ProjectDependencies) = postProject
		{9DCF287B-B89D-41C7-9E91-A1122798261C} = {9DCF287B-B89D-41C7-9E91-A1122798261C}
		{952271CD-8EAC-46BD-B32E-D5262D26B290} = {952271CD-8EAC-46BD-B32E-D5262D26B290}
	EndProjectSection
EndProject
Project("{FAE04EC0-301F-11D3-BF4B-00C04F79EFBC}") = "PPDInstaller", "PPDInstaller\PPDInstaller\PPDInstaller.csproj", "{DF2CADD9-286C-4012-BC44-E6DB15C8B773}"
EndProject
Project("{FAE04EC0-301F-11D3-BF4B-00C04F79EFBC}") = "PPDConfig", "PPDConfig\PPDConfig.csproj", "{78C9C15D-B551-4B1C-91E3-ECD3A0690DCC}"
EndProject
Project("{FAE04EC0-301F-11D3-BF4B-00C04F79EFBC}") = "BezierCaliculator", "BezierCaliculator\BezierCaliculator.csproj", "{8E6F013A-FBBD-4F3E-94F2-0EFA2CE09872}"
EndProject
Project("{FAE04EC0-301F-11D3-BF4B-00C04F79EFBC}") = "Effect2D", "Effect2D\Effect2D.csproj", "{21169B27-D6EE-47AF-88F3-171FDA7E7F0C}"
	ProjectSection(ProjectDependencies) = postProject
		{8E6F013A-FBBD-4F3E-94F2-0EFA2CE09872} = {8E6F013A-FBBD-4F3E-94F2-0EFA2CE09872}
	EndProjectSection
EndProject
Project("{FAE04EC0-301F-11D3-BF4B-00C04F79EFBC}") = "Effect2DEditor", "Effect2DEditor\Effect2DEditor.csproj", "{3114CC83-7765-4F13-BE17-80CF9066E013}"
	ProjectSection(ProjectDependencies) = postProject
		{21169B27-D6EE-47AF-88F3-171FDA7E7F0C} = {21169B27-D6EE-47AF-88F3-171FDA7E7F0C}
		{8E6F013A-FBBD-4F3E-94F2-0EFA2CE09872} = {8E6F013A-FBBD-4F3E-94F2-0EFA2CE09872}
	EndProjectSection
EndProject
Project("{FAE04EC0-301F-11D3-BF4B-00C04F79EFBC}") = "PPDFramework", "PPDFramework\PPDFramework.csproj", "{FB4E8B02-D832-470D-968E-3AA046E4C164}"
	ProjectSection(ProjectDependencies) = postProject
		{21169B27-D6EE-47AF-88F3-171FDA7E7F0C} = {21169B27-D6EE-47AF-88F3-171FDA7E7F0C}
		{8E6F013A-FBBD-4F3E-94F2-0EFA2CE09872} = {8E6F013A-FBBD-4F3E-94F2-0EFA2CE09872}
	EndProjectSection
EndProject
Project("{FAE04EC0-301F-11D3-BF4B-00C04F79EFBC}") = "PPDSingle", "PPDSingle\PPDSingle.csproj", "{8311732E-6873-42B7-8D29-B66C8E1E4251}"
EndProject
Project("{FAE04EC0-301F-11D3-BF4B-00C04F79EFBC}") = "FlowScriptEngine", "FlowScriptEngine\FlowScriptEngine.csproj", "{952271CD-8EAC-46BD-B32E-D5262D26B290}"
EndProject
Project("{FAE04EC0-301F-11D3-BF4B-00C04F79EFBC}") = "FlowScriptControl", "FlowScriptControl\FlowScriptControl.csproj", "{9CB1EE54-8827-499D-B73F-49934BECB72A}"
	ProjectSection(ProjectDependencies) = postProject
		{952271CD-8EAC-46BD-B32E-D5262D26B290} = {952271CD-8EAC-46BD-B32E-D5262D26B290}
	EndProjectSection
EndProject
Project("{FAE04EC0-301F-11D3-BF4B-00C04F79EFBC}") = "BezierDrawControlTest", "BezierDrawControlTest\BezierDrawControlTest.csproj", "{8D224813-9C2E-4253-A4B3-3348AA9DBC36}"
EndProject
Project("{FAE04EC0-301F-11D3-BF4B-00C04F79EFBC}") = "FlowScriptControlTest", "FlowScriptControlTest\FlowScriptControlTest.csproj", "{D907D141-4EE4-4129-89A8-D9AE16E2EC8E}"
EndProject
Project("{FAE04EC0-301F-11D3-BF4B-00C04F79EFBC}") = "PPDInput", "PPDInput\PPDInput.csproj", "{F1D4FCE7-2E9A-472D-A601-D06EC5E0E9E1}"
EndProject
Project("{FAE04EC0-301F-11D3-BF4B-00C04F79EFBC}") = "PPDPack", "PPDPack\PPDPack.csproj", "{1496449C-E132-43C2-9AC9-9FB8BF4AE6AE}"
EndProject
Project("{FAE04EC0-301F-11D3-BF4B-00C04F79EFBC}") = "PPDUpdater", "PPDUpdater\PPDUpdater.csproj", "{A1A382B0-BED0-4856-917A-4077BB72AFE9}"
EndProject
Project("{FAE04EC0-301F-11D3-BF4B-00C04F79EFBC}") = "FolderDiffChecker", "FolderDiffChecker\FolderDiffChecker.csproj", "{CDC4DE2F-23F4-4E12-AECC-EC5EEE3CD39E}"
EndProject
Project("{FAE04EC0-301F-11D3-BF4B-00C04F79EFBC}") = "FlowScriptEngineBasic", "FlowScriptEngineBasic\FlowScriptEngineBasic.csproj", "{B0C2F685-552B-4D65-B4DC-666088802067}"
EndProject
Project("{FAE04EC0-301F-11D3-BF4B-00C04F79EFBC}") = "FlowScriptEngineConsole", "FlowScriptEngineConsole\FlowScriptEngineConsole.csproj", "{102AEDF0-D202-44BD-A865-B5B66E3A25E3}"
EndProject
Project("{FAE04EC0-301F-11D3-BF4B-00C04F79EFBC}") = "FlowScriptEnginePPD", "FlowScriptEnginePPD\FlowScriptEnginePPD.csproj", "{839DD391-94CE-4CF9-8A9E-876299AB1AC4}"
EndProject
Project("{FAE04EC0-301F-11D3-BF4B-00C04F79EFBC}") = "PPDCore", "PPDCore\PPDCore.csproj", "{ECE1793E-FC37-45D4-9844-2CF16361F500}"
EndProject
Project("{FAE04EC0-301F-11D3-BF4B-00C04F79EFBC}") = "PPDMulti", "PPDMulti\PPDMulti.csproj", "{54520A52-7E3F-4E94-B4D9-D826FA0E59DB}"
EndProject
Project("{FAE04EC0-301F-11D3-BF4B-00C04F79EFBC}") = "PPDShareComponent", "PPDShareComponent\PPDShareComponent.csproj", "{5E085408-0C53-48BD-A6CF-A30D67339693}"
EndProject
Project("{FAE04EC0-301F-11D3-BF4B-00C04F79EFBC}") = "PPDCoreModel", "PPDCoreModel\PPDCoreModel.csproj", "{DC448437-043D-4482-B5F2-DE04FF3BC5DD}"
EndProject
Project("{FAE04EC0-301F-11D3-BF4B-00C04F79EFBC}") = "FlowScriptEngineSlimDX", "FlowScriptEngineSlimDX\FlowScriptEngineSlimDX.csproj", "{D4EBF7E3-AF74-4F9B-8A2A-DF1EEF918DE1}"
EndProject
Project("{FAE04EC0-301F-11D3-BF4B-00C04F79EFBC}") = "FlowScriptAutoFastGenerator", "FlowScriptAutoFastGenerator\FlowScriptAutoFastGenerator.csproj", "{093A6290-8AF3-4B8E-9875-A403037FDE1A}"
EndProject
Project("{FAE04EC0-301F-11D3-BF4B-00C04F79EFBC}") = "PPDReleaser", "PPDReleaser\PPDReleaser.csproj", "{6058D82E-3F2B-46C8-B875-5C328FB89782}"
EndProject
Project("{FAE04EC0-301F-11D3-BF4B-00C04F79EFBC}") = "DirectShow", "DirectShow\DirectShow.csproj", "{8C99D7AD-68D1-4EEB-A27F-4F9C17DCE989}"
EndProject
Project("{FAE04EC0-301F-11D3-BF4B-00C04F79EFBC}") = "PPDSound", "PPDSound\PPDSound.csproj", "{F064AC75-BBE0-4015-9454-E8E95AF18C8F}"
EndProject
Project("{FAE04EC0-301F-11D3-BF4B-00C04F79EFBC}") = "PPDMultiServer", "PPDMultiServer\PPDMultiServer.csproj", "{AA19D395-25AA-4DC7-B305-19051180E99E}"
EndProject
Project("{FAE04EC0-301F-11D3-BF4B-00C04F79EFBC}") = "PPDMultiCommon", "PPDMultiCommon\PPDMultiCommon.csproj", "{D51828FC-C5C4-44E3-B8D9-C64EC73510CE}"
EndProject
Project("{2150E333-8FDC-42A3-9474-1A3956D46DE8}") = "Solution Items", "Solution Items", "{332C9C49-30E1-4A5E-8A70-239506B2AF6A}"
	ProjectSection(SolutionItems) = preProject
		PPDCommon.ruleset = PPDCommon.ruleset
	EndProjectSection
EndProject
Project("{FAE04EC0-301F-11D3-BF4B-00C04F79EFBC}") = "FlowScriptDrawControl", "FlowScriptDrawControl\FlowScriptDrawControl.csproj", "{E98B8449-A3D9-4420-A8BD-FA7553BE9938}"
EndProject
Project("{FAE04EC0-301F-11D3-BF4B-00C04F79EFBC}") = "ColorCanvas", "ColorCanvas\ColorCanvas.csproj", "{1DF4C1DD-25EF-4030-9B62-532F565F5722}"
EndProject
Project("{FAE04EC0-301F-11D3-BF4B-00C04F79EFBC}") = "ErrorHandle", "ErrorHandler\ErrorHandle.csproj", "{7BF2846D-6813-4E83-8B26-42C5B98B2099}"
EndProject
Project("{FAE04EC0-301F-11D3-BF4B-00C04F79EFBC}") = "PPDTwitter", "PPDTwitter\PPDTwitter.csproj", "{E739E95A-333A-489E-A815-B446A78736B7}"
EndProject
Project("{FAE04EC0-301F-11D3-BF4B-00C04F79EFBC}") = "PPDModSettingUI", "PPDModSettingUI\PPDModSettingUI.csproj", "{953D844F-3208-4ED4-9D65-C47E8B1CA82B}"
EndProject
Project("{FAE04EC0-301F-11D3-BF4B-00C04F79EFBC}") = "WinFormsUI", "WinFormsUI\WinFormsUI.csproj", "{C75532C4-765B-418E-B09B-46D36B2ABDB1}"
EndProject
Project("{FAE04EC0-301F-11D3-BF4B-00C04F79EFBC}") = "PPDMovie", "PPDMovie\PPDMovie.csproj", "{C932445B-9FE4-4DA0-B4F7-178C1A9BFC1C}"
EndProject
Project("{FAE04EC0-301F-11D3-BF4B-00C04F79EFBC}") = "PPDMultiServerService", "PPDMultiServerService\PPDMultiServerService.csproj", "{AE6B8D3A-0174-484A-9AE1-838F708D66BB}"
EndProject
Project("{FAE04EC0-301F-11D3-BF4B-00C04F79EFBC}") = "PPDFrameworkCore", "PPDFrameworkCore\PPDFrameworkCore.csproj", "{97909DE9-E25A-43C5-8116-B5393D752132}"
EndProject
Project("{FAE04EC0-301F-11D3-BF4B-00C04F79EFBC}") = "PPDExpansion", "PPDExpansion\PPDExpansion.csproj", "{8652F69E-9AE0-43FB-A48B-B393DBAF9437}"
EndProject
Project("{FAE04EC0-301F-11D3-BF4B-00C04F79EFBC}") = "PPDExpansionCore", "PPDExpansionCore\PPDExpansionCore.csproj", "{6C7F3F32-3C31-4431-B1CF-526CE4B61A9D}"
EndProject
Project("{FAE04EC0-301F-11D3-BF4B-00C04F79EFBC}") = "PPDUnpack", "PPDUnpack\PPDUnpack.csproj", "{7B25C441-3815-45EA-8309-D6F9EF1F75D6}"
EndProject
Project("{FAE04EC0-301F-11D3-BF4B-00C04F79EFBC}") = "FlowScriptEnginePPDEditor", "FlowScriptEnginePPDEditor\FlowScriptEnginePPDEditor.csproj", "{5CFCE4B2-0586-48AB-8B5C-F8D921E1151E}"
EndProject
Project("{FAE04EC0-301F-11D3-BF4B-00C04F79EFBC}") = "PPDEditorCommon", "PPDEditorCommon\PPDEditorCommon.csproj", "{78C79BE9-C5F1-4F7F-A522-B390778983D5}"
EndProject
Project("{FAE04EC0-301F-11D3-BF4B-00C04F79EFBC}") = "PPDConfiguration", "PPDConfiguration\PPDConfiguration.csproj", "{412E43FD-DA7A-4B7A-85F8-61A2501FCAF6}"
EndProject
Project("{FAE04EC0-301F-11D3-BF4B-00C04F79EFBC}") = "FlowScriptEngineBasicExtension", "FlowScriptEngineBasicExtension\FlowScriptEngineBasicExtension.csproj", "{F7005FCD-2A2B-4BE4-BB5D-903FA2D05CFB}"
EndProject
Project("{FAE04EC0-301F-11D3-BF4B-00C04F79EFBC}") = "FlowScriptEngineData", "FlowScriptEngineData\FlowScriptEngineData.csproj", "{B038AA36-D8BF-46A8-81C4-98C3B5B48821}"
EndProject
Project("{FAE04EC0-301F-11D3-BF4B-00C04F79EFBC}") = "PPDTest", "PPDTest\PPDTest.csproj", "{0089AAF1-52B5-417C-A34E-E2E18527F669}"
EndProject
Project("{FAE04EC0-301F-11D3-BF4B-00C04F79EFBC}") = "ShaderCompiler", "ShaderCompiler\ShaderCompiler.csproj", "{554A975C-C675-416B-9830-B58B69D5A3A0}"
EndProject
Global
	GlobalSection(SolutionConfigurationPlatforms) = preSolution
		Debug|x64 = Debug|x64
		Release|x64 = Release|x64
	EndGlobalSection
	GlobalSection(ProjectConfigurationPlatforms) = postSolution
		{6A90947D-34C9-4329-A27C-20B60FEFD682}.Debug|x64.ActiveCfg = Debug|x64
		{6A90947D-34C9-4329-A27C-20B60FEFD682}.Debug|x64.Build.0 = Debug|x64
		{6A90947D-34C9-4329-A27C-20B60FEFD682}.Release|x64.ActiveCfg = Release|x64
		{6A90947D-34C9-4329-A27C-20B60FEFD682}.Release|x64.Build.0 = Release|x64
		{9DCF287B-B89D-41C7-9E91-A1122798261C}.Debug|x64.ActiveCfg = Debug|x64
		{9DCF287B-B89D-41C7-9E91-A1122798261C}.Debug|x64.Build.0 = Debug|x64
		{9DCF287B-B89D-41C7-9E91-A1122798261C}.Release|x64.ActiveCfg = Release|x64
		{9DCF287B-B89D-41C7-9E91-A1122798261C}.Release|x64.Build.0 = Release|x64
		{79E68E73-958D-422B-9D5C-DCAE7239E892}.Debug|x64.ActiveCfg = Debug|x64
		{79E68E73-958D-422B-9D5C-DCAE7239E892}.Debug|x64.Build.0 = Debug|x64
		{79E68E73-958D-422B-9D5C-DCAE7239E892}.Release|x64.ActiveCfg = Release|x64
		{79E68E73-958D-422B-9D5C-DCAE7239E892}.Release|x64.Build.0 = Release|x64
		{A8B5B332-6116-49A1-8ECF-6186F3D03BC4}.Debug|x64.ActiveCfg = Debug|x64
		{A8B5B332-6116-49A1-8ECF-6186F3D03BC4}.Debug|x64.Build.0 = Debug|x64
		{A8B5B332-6116-49A1-8ECF-6186F3D03BC4}.Release|x64.ActiveCfg = Release|x64
		{A8B5B332-6116-49A1-8ECF-6186F3D03BC4}.Release|x64.Build.0 = Release|x64
		{34F57840-D69D-48A0-BCDE-3529FDBEA810}.Debug|x64.ActiveCfg = Debug|x64
		{34F57840-D69D-48A0-BCDE-3529FDBEA810}.Debug|x64.Build.0 = Debug|x64
		{34F57840-D69D-48A0-BCDE-3529FDBEA810}.Release|x64.ActiveCfg = Release|x64
		{34F57840-D69D-48A0-BCDE-3529FDBEA810}.Release|x64.Build.0 = Release|x64
		{DF2CADD9-286C-4012-BC44-E6DB15C8B773}.Debug|x64.ActiveCfg = Debug|x64
		{DF2CADD9-286C-4012-BC44-E6DB15C8B773}.Debug|x64.Build.0 = Debug|x64
		{DF2CADD9-286C-4012-BC44-E6DB15C8B773}.Release|x64.ActiveCfg = Release|x64
		{DF2CADD9-286C-4012-BC44-E6DB15C8B773}.Release|x64.Build.0 = Release|x64
		{78C9C15D-B551-4B1C-91E3-ECD3A0690DCC}.Debug|x64.ActiveCfg = Debug|x64
		{78C9C15D-B551-4B1C-91E3-ECD3A0690DCC}.Debug|x64.Build.0 = Debug|x64
		{78C9C15D-B551-4B1C-91E3-ECD3A0690DCC}.Release|x64.ActiveCfg = Release|x64
		{78C9C15D-B551-4B1C-91E3-ECD3A0690DCC}.Release|x64.Build.0 = Release|x64
		{8E6F013A-FBBD-4F3E-94F2-0EFA2CE09872}.Debug|x64.ActiveCfg = Debug|x64
		{8E6F013A-FBBD-4F3E-94F2-0EFA2CE09872}.Debug|x64.Build.0 = Debug|x64
		{8E6F013A-FBBD-4F3E-94F2-0EFA2CE09872}.Release|x64.ActiveCfg = Release|x64
		{8E6F013A-FBBD-4F3E-94F2-0EFA2CE09872}.Release|x64.Build.0 = Release|x64
		{21169B27-D6EE-47AF-88F3-171FDA7E7F0C}.Debug|x64.ActiveCfg = Debug|x64
		{21169B27-D6EE-47AF-88F3-171FDA7E7F0C}.Debug|x64.Build.0 = Debug|x64
		{21169B27-D6EE-47AF-88F3-171FDA7E7F0C}.Release|x64.ActiveCfg = Release|x64
		{21169B27-D6EE-47AF-88F3-171FDA7E7F0C}.Release|x64.Build.0 = Release|x64
		{3114CC83-7765-4F13-BE17-80CF9066E013}.Debug|x64.ActiveCfg = Debug|x64
		{3114CC83-7765-4F13-BE17-80CF9066E013}.Debug|x64.Build.0 = Debug|x64
		{3114CC83-7765-4F13-BE17-80CF9066E013}.Release|x64.ActiveCfg = Release|x64
		{3114CC83-7765-4F13-BE17-80CF9066E013}.Release|x64.Build.0 = Release|x64
		{FB4E8B02-D832-470D-968E-3AA046E4C164}.Debug|x64.ActiveCfg = Debug|x64
		{FB4E8B02-D832-470D-968E-3AA046E4C164}.Debug|x64.Build.0 = Debug|x64
		{FB4E8B02-D832-470D-968E-3AA046E4C164}.Release|x64.ActiveCfg = Release|x64
		{FB4E8B02-D832-470D-968E-3AA046E4C164}.Release|x64.Build.0 = Release|x64
		{8311732E-6873-42B7-8D29-B66C8E1E4251}.Debug|x64.ActiveCfg = Debug|x64
		{8311732E-6873-42B7-8D29-B66C8E1E4251}.Debug|x64.Build.0 = Debug|x64
		{8311732E-6873-42B7-8D29-B66C8E1E4251}.Release|x64.ActiveCfg = Release|x64
		{8311732E-6873-42B7-8D29-B66C8E1E4251}.Release|x64.Build.0 = Release|x64
		{952271CD-8EAC-46BD-B32E-D5262D26B290}.Debug|x64.ActiveCfg = Debug|x64
		{952271CD-8EAC-46BD-B32E-D5262D26B290}.Debug|x64.Build.0 = Debug|x64
		{952271CD-8EAC-46BD-B32E-D5262D26B290}.Release|x64.ActiveCfg = Release|x64
		{952271CD-8EAC-46BD-B32E-D5262D26B290}.Release|x64.Build.0 = Release|x64
		{9CB1EE54-8827-499D-B73F-49934BECB72A}.Debug|x64.ActiveCfg = Debug|x64
		{9CB1EE54-8827-499D-B73F-49934BECB72A}.Debug|x64.Build.0 = Debug|x64
		{9CB1EE54-8827-499D-B73F-49934BECB72A}.Release|x64.ActiveCfg = Release|x64
		{9CB1EE54-8827-499D-B73F-49934BECB72A}.Release|x64.Build.0 = Release|x64
		{8D224813-9C2E-4253-A4B3-3348AA9DBC36}.Debug|x64.ActiveCfg = Debug|x64
		{8D224813-9C2E-4253-A4B3-3348AA9DBC36}.Debug|x64.Build.0 = Debug|x64
		{8D224813-9C2E-4253-A4B3-3348AA9DBC36}.Release|x64.ActiveCfg = Release|x64
		{8D224813-9C2E-4253-A4B3-3348AA9DBC36}.Release|x64.Build.0 = Release|x64
		{D907D141-4EE4-4129-89A8-D9AE16E2EC8E}.Debug|x64.ActiveCfg = Debug|x64
		{D907D141-4EE4-4129-89A8-D9AE16E2EC8E}.Debug|x64.Build.0 = Debug|x64
		{D907D141-4EE4-4129-89A8-D9AE16E2EC8E}.Release|x64.ActiveCfg = Release|x64
		{D907D141-4EE4-4129-89A8-D9AE16E2EC8E}.Release|x64.Build.0 = Release|x64
		{F1D4FCE7-2E9A-472D-A601-D06EC5E0E9E1}.Debug|x64.ActiveCfg = Debug|x64
		{F1D4FCE7-2E9A-472D-A601-D06EC5E0E9E1}.Debug|x64.Build.0 = Debug|x64
		{F1D4FCE7-2E9A-472D-A601-D06EC5E0E9E1}.Release|x64.ActiveCfg = Release|x64
		{F1D4FCE7-2E9A-472D-A601-D06EC5E0E9E1}.Release|x64.Build.0 = Release|x64
		{1496449C-E132-43C2-9AC9-9FB8BF4AE6AE}.Debug|x64.ActiveCfg = Debug|x64
		{1496449C-E132-43C2-9AC9-9FB8BF4AE6AE}.Debug|x64.Build.0 = Debug|x64
		{1496449C-E132-43C2-9AC9-9FB8BF4AE6AE}.Release|x64.ActiveCfg = Release|x64
		{1496449C-E132-43C2-9AC9-9FB8BF4AE6AE}.Release|x64.Build.0 = Release|x64
		{A1A382B0-BED0-4856-917A-4077BB72AFE9}.Debug|x64.ActiveCfg = Debug|x64
		{A1A382B0-BED0-4856-917A-4077BB72AFE9}.Debug|x64.Build.0 = Debug|x64
		{A1A382B0-BED0-4856-917A-4077BB72AFE9}.Release|x64.ActiveCfg = Release|x64
		{A1A382B0-BED0-4856-917A-4077BB72AFE9}.Release|x64.Build.0 = Release|x64
		{CDC4DE2F-23F4-4E12-AECC-EC5EEE3CD39E}.Debug|x64.ActiveCfg = Debug|x64
		{CDC4DE2F-23F4-4E12-AECC-EC5EEE3CD39E}.Debug|x64.Build.0 = Debug|x64
		{CDC4DE2F-23F4-4E12-AECC-EC5EEE3CD39E}.Release|x64.ActiveCfg = Release|x64
		{CDC4DE2F-23F4-4E12-AECC-EC5EEE3CD39E}.Release|x64.Build.0 = Release|x64
		{B0C2F685-552B-4D65-B4DC-666088802067}.Debug|x64.ActiveCfg = Debug|x64
		{B0C2F685-552B-4D65-B4DC-666088802067}.Debug|x64.Build.0 = Debug|x64
		{B0C2F685-552B-4D65-B4DC-666088802067}.Release|x64.ActiveCfg = Release|x64
		{B0C2F685-552B-4D65-B4DC-666088802067}.Release|x64.Build.0 = Release|x64
		{102AEDF0-D202-44BD-A865-B5B66E3A25E3}.Debug|x64.ActiveCfg = Debug|x64
		{102AEDF0-D202-44BD-A865-B5B66E3A25E3}.Debug|x64.Build.0 = Debug|x64
		{102AEDF0-D202-44BD-A865-B5B66E3A25E3}.Release|x64.ActiveCfg = Release|x64
		{102AEDF0-D202-44BD-A865-B5B66E3A25E3}.Release|x64.Build.0 = Release|x64
		{839DD391-94CE-4CF9-8A9E-876299AB1AC4}.Debug|x64.ActiveCfg = Debug|x64
		{839DD391-94CE-4CF9-8A9E-876299AB1AC4}.Debug|x64.Build.0 = Debug|x64
		{839DD391-94CE-4CF9-8A9E-876299AB1AC4}.Release|x64.ActiveCfg = Release|x64
		{839DD391-94CE-4CF9-8A9E-876299AB1AC4}.Release|x64.Build.0 = Release|x64
		{ECE1793E-FC37-45D4-9844-2CF16361F500}.Debug|x64.ActiveCfg = Debug|x64
		{ECE1793E-FC37-45D4-9844-2CF16361F500}.Debug|x64.Build.0 = Debug|x64
		{ECE1793E-FC37-45D4-9844-2CF16361F500}.Release|x64.ActiveCfg = Release|x64
		{ECE1793E-FC37-45D4-9844-2CF16361F500}.Release|x64.Build.0 = Release|x64
		{54520A52-7E3F-4E94-B4D9-D826FA0E59DB}.Debug|x64.ActiveCfg = Debug|x64
		{54520A52-7E3F-4E94-B4D9-D826FA0E59DB}.Debug|x64.Build.0 = Debug|x64
		{54520A52-7E3F-4E94-B4D9-D826FA0E59DB}.Release|x64.ActiveCfg = Release|x64
		{54520A52-7E3F-4E94-B4D9-D826FA0E59DB}.Release|x64.Build.0 = Release|x64
		{5E085408-0C53-48BD-A6CF-A30D67339693}.Debug|x64.ActiveCfg = Debug|x64
		{5E085408-0C53-48BD-A6CF-A30D67339693}.Debug|x64.Build.0 = Debug|x64
		{5E085408-0C53-48BD-A6CF-A30D67339693}.Release|x64.ActiveCfg = Release|x64
		{5E085408-0C53-48BD-A6CF-A30D67339693}.Release|x64.Build.0 = Release|x64
		{DC448437-043D-4482-B5F2-DE04FF3BC5DD}.Debug|x64.ActiveCfg = Debug|x64
		{DC448437-043D-4482-B5F2-DE04FF3BC5DD}.Debug|x64.Build.0 = Debug|x64
		{DC448437-043D-4482-B5F2-DE04FF3BC5DD}.Release|x64.ActiveCfg = Release|x64
		{DC448437-043D-4482-B5F2-DE04FF3BC5DD}.Release|x64.Build.0 = Release|x64
		{D4EBF7E3-AF74-4F9B-8A2A-DF1EEF918DE1}.Debug|x64.ActiveCfg = Debug|x64
		{D4EBF7E3-AF74-4F9B-8A2A-DF1EEF918DE1}.Debug|x64.Build.0 = Debug|x64
		{D4EBF7E3-AF74-4F9B-8A2A-DF1EEF918DE1}.Release|x64.ActiveCfg = Release|x64
		{D4EBF7E3-AF74-4F9B-8A2A-DF1EEF918DE1}.Release|x64.Build.0 = Release|x64
		{093A6290-8AF3-4B8E-9875-A403037FDE1A}.Debug|x64.ActiveCfg = Debug|x64
		{093A6290-8AF3-4B8E-9875-A403037FDE1A}.Debug|x64.Build.0 = Debug|x64
		{093A6290-8AF3-4B8E-9875-A403037FDE1A}.Release|x64.ActiveCfg = Release|x64
		{093A6290-8AF3-4B8E-9875-A403037FDE1A}.Release|x64.Build.0 = Release|x64
		{6058D82E-3F2B-46C8-B875-5C328FB89782}.Debug|x64.ActiveCfg = Debug|x64
		{6058D82E-3F2B-46C8-B875-5C328FB89782}.Debug|x64.Build.0 = Debug|x64
		{6058D82E-3F2B-46C8-B875-5C328FB89782}.Release|x64.ActiveCfg = Release|x64
		{6058D82E-3F2B-46C8-B875-5C328FB89782}.Release|x64.Build.0 = Release|x64
		{8C99D7AD-68D1-4EEB-A27F-4F9C17DCE989}.Debug|x64.ActiveCfg = Debug|x64
		{8C99D7AD-68D1-4EEB-A27F-4F9C17DCE989}.Debug|x64.Build.0 = Debug|x64
		{8C99D7AD-68D1-4EEB-A27F-4F9C17DCE989}.Release|x64.ActiveCfg = Release|x64
		{8C99D7AD-68D1-4EEB-A27F-4F9C17DCE989}.Release|x64.Build.0 = Release|x64
		{F064AC75-BBE0-4015-9454-E8E95AF18C8F}.Debug|x64.ActiveCfg = Debug|x64
		{F064AC75-BBE0-4015-9454-E8E95AF18C8F}.Debug|x64.Build.0 = Debug|x64
		{F064AC75-BBE0-4015-9454-E8E95AF18C8F}.Release|x64.ActiveCfg = Release|x64
		{F064AC75-BBE0-4015-9454-E8E95AF18C8F}.Release|x64.Build.0 = Release|x64
		{AA19D395-25AA-4DC7-B305-19051180E99E}.Debug|x64.ActiveCfg = Debug|x64
		{AA19D395-25AA-4DC7-B305-19051180E99E}.Debug|x64.Build.0 = Debug|x64
		{AA19D395-25AA-4DC7-B305-19051180E99E}.Release|x64.ActiveCfg = Release|x64
		{AA19D395-25AA-4DC7-B305-19051180E99E}.Release|x64.Build.0 = Release|x64
		{D51828FC-C5C4-44E3-B8D9-C64EC73510CE}.Debug|x64.ActiveCfg = Debug|x64
		{D51828FC-C5C4-44E3-B8D9-C64EC73510CE}.Debug|x64.Build.0 = Debug|x64
		{D51828FC-C5C4-44E3-B8D9-C64EC73510CE}.Release|x64.ActiveCfg = Release|x64
		{D51828FC-C5C4-44E3-B8D9-C64EC73510CE}.Release|x64.Build.0 = Release|x64
		{E98B8449-A3D9-4420-A8BD-FA7553BE9938}.Debug|x64.ActiveCfg = Debug|x64
		{E98B8449-A3D9-4420-A8BD-FA7553BE9938}.Debug|x64.Build.0 = Debug|x64
		{E98B8449-A3D9-4420-A8BD-FA7553BE9938}.Release|x64.ActiveCfg = Release|x64
		{E98B8449-A3D9-4420-A8BD-FA7553BE9938}.Release|x64.Build.0 = Release|x64
		{1DF4C1DD-25EF-4030-9B62-532F565F5722}.Debug|x64.ActiveCfg = Debug|x64
		{1DF4C1DD-25EF-4030-9B62-532F565F5722}.Debug|x64.Build.0 = Debug|x64
		{1DF4C1DD-25EF-4030-9B62-532F565F5722}.Release|x64.ActiveCfg = Release|x64
		{1DF4C1DD-25EF-4030-9B62-532F565F5722}.Release|x64.Build.0 = Release|x64
		{7BF2846D-6813-4E83-8B26-42C5B98B2099}.Debug|x64.ActiveCfg = Debug|x64
		{7BF2846D-6813-4E83-8B26-42C5B98B2099}.Debug|x64.Build.0 = Debug|x64
		{7BF2846D-6813-4E83-8B26-42C5B98B2099}.Release|x64.ActiveCfg = Release|x64
		{7BF2846D-6813-4E83-8B26-42C5B98B2099}.Release|x64.Build.0 = Release|x64
		{E739E95A-333A-489E-A815-B446A78736B7}.Debug|x64.ActiveCfg = Debug|x64
		{E739E95A-333A-489E-A815-B446A78736B7}.Debug|x64.Build.0 = Debug|x64
		{E739E95A-333A-489E-A815-B446A78736B7}.Release|x64.ActiveCfg = Release|x64
		{E739E95A-333A-489E-A815-B446A78736B7}.Release|x64.Build.0 = Release|x64
		{953D844F-3208-4ED4-9D65-C47E8B1CA82B}.Debug|x64.ActiveCfg = Debug|x64
		{953D844F-3208-4ED4-9D65-C47E8B1CA82B}.Debug|x64.Build.0 = Debug|x64
		{953D844F-3208-4ED4-9D65-C47E8B1CA82B}.Release|x64.ActiveCfg = Release|x64
		{953D844F-3208-4ED4-9D65-C47E8B1CA82B}.Release|x64.Build.0 = Release|x64
		{C75532C4-765B-418E-B09B-46D36B2ABDB1}.Debug|x64.ActiveCfg = Debug|x64
		{C75532C4-765B-418E-B09B-46D36B2ABDB1}.Debug|x64.Build.0 = Debug|x64
		{C75532C4-765B-418E-B09B-46D36B2ABDB1}.Release|x64.ActiveCfg = Release|x64
		{C75532C4-765B-418E-B09B-46D36B2ABDB1}.Release|x64.Build.0 = Release|x64
		{C932445B-9FE4-4DA0-B4F7-178C1A9BFC1C}.Debug|x64.ActiveCfg = Debug|x64
		{C932445B-9FE4-4DA0-B4F7-178C1A9BFC1C}.Debug|x64.Build.0 = Debug|x64
		{C932445B-9FE4-4DA0-B4F7-178C1A9BFC1C}.Release|x64.ActiveCfg = Release|x64
		{C932445B-9FE4-4DA0-B4F7-178C1A9BFC1C}.Release|x64.Build.0 = Release|x64
		{AE6B8D3A-0174-484A-9AE1-838F708D66BB}.Debug|x64.ActiveCfg = Debug|x64
		{AE6B8D3A-0174-484A-9AE1-838F708D66BB}.Debug|x64.Build.0 = Debug|x64
		{AE6B8D3A-0174-484A-9AE1-838F708D66BB}.Release|x64.ActiveCfg = Release|x64
		{AE6B8D3A-0174-484A-9AE1-838F708D66BB}.Release|x64.Build.0 = Release|x64
		{97909DE9-E25A-43C5-8116-B5393D752132}.Debug|x64.ActiveCfg = Debug|x64
		{97909DE9-E25A-43C5-8116-B5393D752132}.Debug|x64.Build.0 = Debug|x64
		{97909DE9-E25A-43C5-8116-B5393D752132}.Release|x64.ActiveCfg = Release|x64
		{97909DE9-E25A-43C5-8116-B5393D752132}.Release|x64.Build.0 = Release|x64
		{8652F69E-9AE0-43FB-A48B-B393DBAF9437}.Debug|x64.ActiveCfg = Debug|x64
		{8652F69E-9AE0-43FB-A48B-B393DBAF9437}.Debug|x64.Build.0 = Debug|x64
		{8652F69E-9AE0-43FB-A48B-B393DBAF9437}.Release|x64.ActiveCfg = Release|x64
		{8652F69E-9AE0-43FB-A48B-B393DBAF9437}.Release|x64.Build.0 = Release|x64
		{6C7F3F32-3C31-4431-B1CF-526CE4B61A9D}.Debug|x64.ActiveCfg = Debug|x64
		{6C7F3F32-3C31-4431-B1CF-526CE4B61A9D}.Debug|x64.Build.0 = Debug|x64
		{6C7F3F32-3C31-4431-B1CF-526CE4B61A9D}.Release|x64.ActiveCfg = Release|x64
		{6C7F3F32-3C31-4431-B1CF-526CE4B61A9D}.Release|x64.Build.0 = Release|x64
		{7B25C441-3815-45EA-8309-D6F9EF1F75D6}.Debug|x64.ActiveCfg = Debug|x64
		{7B25C441-3815-45EA-8309-D6F9EF1F75D6}.Debug|x64.Build.0 = Debug|x64
		{7B25C441-3815-45EA-8309-D6F9EF1F75D6}.Release|x64.ActiveCfg = Release|x64
		{7B25C441-3815-45EA-8309-D6F9EF1F75D6}.Release|x64.Build.0 = Release|x64
		{5CFCE4B2-0586-48AB-8B5C-F8D921E1151E}.Debug|x64.ActiveCfg = Debug|x64
		{5CFCE4B2-0586-48AB-8B5C-F8D921E1151E}.Debug|x64.Build.0 = Debug|x64
		{5CFCE4B2-0586-48AB-8B5C-F8D921E1151E}.Release|x64.ActiveCfg = Release|x64
		{5CFCE4B2-0586-48AB-8B5C-F8D921E1151E}.Release|x64.Build.0 = Release|x64
		{78C79BE9-C5F1-4F7F-A522-B390778983D5}.Debug|x64.ActiveCfg = Debug|x64
		{78C79BE9-C5F1-4F7F-A522-B390778983D5}.Debug|x64.Build.0 = Debug|x64
		{78C79BE9-C5F1-4F7F-A522-B390778983D5}.Release|x64.ActiveCfg = Release|x64
		{78C79BE9-C5F1-4F7F-A522-B390778983D5}.Release|x64.Build.0 = Release|x64
		{412E43FD-DA7A-4B7A-85F8-61A2501FCAF6}.Debug|x64.ActiveCfg = Debug|x64
		{412E43FD-DA7A-4B7A-85F8-61A2501FCAF6}.Debug|x64.Build.0 = Debug|x64
		{412E43FD-DA7A-4B7A-85F8-61A2501FCAF6}.Release|x64.ActiveCfg = Release|x64
		{412E43FD-DA7A-4B7A-85F8-61A2501FCAF6}.Release|x64.Build.0 = Release|x64
		{F7005FCD-2A2B-4BE4-BB5D-903FA2D05CFB}.Debug|x64.ActiveCfg = Debug|x64
		{F7005FCD-2A2B-4BE4-BB5D-903FA2D05CFB}.Debug|x64.Build.0 = Debug|x64
		{F7005FCD-2A2B-4BE4-BB5D-903FA2D05CFB}.Release|x64.ActiveCfg = Release|x64
		{F7005FCD-2A2B-4BE4-BB5D-903FA2D05CFB}.Release|x64.Build.0 = Release|x64
		{B038AA36-D8BF-46A8-81C4-98C3B5B48821}.Debug|x64.ActiveCfg = Debug|x64
		{B038AA36-D8BF-46A8-81C4-98C3B5B48821}.Debug|x64.Build.0 = Debug|x64
		{B038AA36-D8BF-46A8-81C4-98C3B5B48821}.Release|x64.ActiveCfg = Release|x64
		{B038AA36-D8BF-46A8-81C4-98C3B5B48821}.Release|x64.Build.0 = Release|x64
		{0089AAF1-52B5-417C-A34E-E2E18527F669}.Debug|x64.ActiveCfg = Debug|x64
		{0089AAF1-52B5-417C-A34E-E2E18527F669}.Debug|x64.Build.0 = Debug|x64
		{0089AAF1-52B5-417C-A34E-E2E18527F669}.Release|x64.ActiveCfg = Release|x64
		{0089AAF1-52B5-417C-A34E-E2E18527F669}.Release|x64.Build.0 = Release|x64
		{554A975C-C675-416B-9830-B58B69D5A3A0}.Debug|x64.ActiveCfg = Debug|x64
		{554A975C-C675-416B-9830-B58B69D5A3A0}.Debug|x64.Build.0 = Debug|x64
		{554A975C-C675-416B-9830-B58B69D5A3A0}.Release|x64.ActiveCfg = Release|x64
		{554A975C-C675-416B-9830-B58B69D5A3A0}.Release|x64.Build.0 = Release|x64
	EndGlobalSection
	GlobalSection(SolutionProperties) = preSolution
		HideSolutionNode = FALSE
	EndGlobalSection
	GlobalSection(ExtensibilityGlobals) = postSolution
		SolutionGuid = {2BE070EF-CA5C-495D-9F23-9AA7E363CE04}
	EndGlobalSection
EndGlobal
